
Microsoft Visual Studio Solution File, Format Version 12.00
# Visual Studio 14
VisualStudioVersion = 14.0.25420.1
MinimumVisualStudioVersion = 10.0.40219.1
Project("{FAE04EC0-301F-11D3-BF4B-00C04F79EFBC}") = "Exam31052016", "Exam31052016\Exam31052016.csproj", "{EADC1C09-E832-4722-8F8C-C7CC452DB232}"
EndProject
Project("{FAE04EC0-301F-11D3-BF4B-00C04F79EFBC}") = "Exam22082016Flowers", "Exam22082016\Exam22082016Flowers.csproj", "{084AA065-B2F7-4CFB-8D03-73A758F9C942}"
EndProject
Project("{FAE04EC0-301F-11D3-BF4B-00C04F79EFBC}") = "Exam190616Cubic", "Exam190616\Exam190616Cubic.csproj", "{D222FF6D-A9A0-45EE-BF48-B734A3573DF1}"
EndProject
Project("{FAE04EC0-301F-11D3-BF4B-00C04F79EFBC}") = "Exam130616JediMeditation", "Exam130616\Exam130616JediMeditation.csproj", "{BF519A95-1DE9-469C-B8C4-E6B62CF108F5}"
EndProject
Project("{FAE04EC0-301F-11D3-BF4B-00C04F79EFBC}") = "Exam130616JediGalaxy", "Exam130616JediGalaxy\Exam130616JediGalaxy.csproj", "{BE7517FF-44C6-4095-8FBA-61767125112E}"
EndProject
Project("{FAE04EC0-301F-11D3-BF4B-00C04F79EFBC}") = "Exam130616JediCodeX", "Exam130616JediCodeX\Exam130616JediCodeX.csproj", "{BEC8E3DA-F272-4B43-8DA1-4F6A1C8A43B0}"
EndProject
Project("{FAE04EC0-301F-11D3-BF4B-00C04F79EFBC}") = "Exam130616JediDreams", "Exam130616JediDreams\Exam130616JediDreams.csproj", "{7C4DF07F-47EB-40E2-B6A1-71D8C3D8E958}"
EndProject
Project("{FAE04EC0-301F-11D3-BF4B-00C04F79EFBC}") = "Exam130316ArrangeNumbers", "Exam130316ArrangeNumbers\Exam130316ArrangeNumbers.csproj", "{613829CA-4FF4-48CC-9C6C-CE8A8FD819AA}"
EndProject
Project("{FAE04EC0-301F-11D3-BF4B-00C04F79EFBC}") = "Exam130316Monopoly", "Exam130316Monopoly\Exam130316Monopoly.csproj", "{6A0893C8-A4D1-4C43-8483-205586523523}"
EndProject
Project("{FAE04EC0-301F-11D3-BF4B-00C04F79EFBC}") = "Exam130316BasicMarkupLanguage", "Exam130316BasicMarkupLanguage\Exam130316BasicMarkupLanguage.csproj", "{F6693C6B-DC43-485E-957D-E9678B006102}"
EndProject
Project("{FAE04EC0-301F-11D3-BF4B-00C04F79EFBC}") = "Exam130316ChampionLeague", "Exam130316ChampionLeague\Exam130316ChampionLeague.csproj", "{09DA523A-E338-4080-8F8B-431D11102745}"
EndProject
Project("{FAE04EC0-301F-11D3-BF4B-00C04F79EFBC}") = "Exam111015ArrayManipulator", "Exam111015ArrayManipulator\Exam111015ArrayManipulator.csproj", "{56898863-C928-4399-B6FF-9FE73BF14777}"
EndProject
Project("{FAE04EC0-301F-11D3-BF4B-00C04F79EFBC}") = "Exam280216Events", "Exam280216Events\Exam280216Events.csproj", "{3A1AA2D8-B7EE-4BDF-A0EC-9DA0F311DECB}"
EndProject
Project("{FAE04EC0-301F-11D3-BF4B-00C04F79EFBC}") = "Exam280216SUNumerals", "Exam280216SUNumerals\Exam280216SUNumerals.csproj", "{F7B6B35E-2739-4513-9BF0-B62ED3E5023A}"
EndProject
Global
	GlobalSection(SolutionConfigurationPlatforms) = preSolution
		Debug|Any CPU = Debug|Any CPU
		Release|Any CPU = Release|Any CPU
	EndGlobalSection
	GlobalSection(ProjectConfigurationPlatforms) = postSolution
		{EADC1C09-E832-4722-8F8C-C7CC452DB232}.Debug|Any CPU.ActiveCfg = Debug|Any CPU
		{EADC1C09-E832-4722-8F8C-C7CC452DB232}.Debug|Any CPU.Build.0 = Debug|Any CPU
		{EADC1C09-E832-4722-8F8C-C7CC452DB232}.Release|Any CPU.ActiveCfg = Release|Any CPU
		{EADC1C09-E832-4722-8F8C-C7CC452DB232}.Release|Any CPU.Build.0 = Release|Any CPU
		{084AA065-B2F7-4CFB-8D03-73A758F9C942}.Debug|Any CPU.ActiveCfg = Debug|Any CPU
		{084AA065-B2F7-4CFB-8D03-73A758F9C942}.Debug|Any CPU.Build.0 = Debug|Any CPU
		{084AA065-B2F7-4CFB-8D03-73A758F9C942}.Release|Any CPU.ActiveCfg = Release|Any CPU
		{084AA065-B2F7-4CFB-8D03-73A758F9C942}.Release|Any CPU.Build.0 = Release|Any CPU
		{D222FF6D-A9A0-45EE-BF48-B734A3573DF1}.Debug|Any CPU.ActiveCfg = Debug|Any CPU
		{D222FF6D-A9A0-45EE-BF48-B734A3573DF1}.Debug|Any CPU.Build.0 = Debug|Any CPU
		{D222FF6D-A9A0-45EE-BF48-B734A3573DF1}.Release|Any CPU.ActiveCfg = Release|Any CPU
		{D222FF6D-A9A0-45EE-BF48-B734A3573DF1}.Release|Any CPU.Build.0 = Release|Any CPU
		{BF519A95-1DE9-469C-B8C4-E6B62CF108F5}.Debug|Any CPU.ActiveCfg = Debug|Any CPU
		{BF519A95-1DE9-469C-B8C4-E6B62CF108F5}.Debug|Any CPU.Build.0 = Debug|Any CPU
		{BF519A95-1DE9-469C-B8C4-E6B62CF108F5}.Release|Any CPU.ActiveCfg = Release|Any CPU
		{BF519A95-1DE9-469C-B8C4-E6B62CF108F5}.Release|Any CPU.Build.0 = Release|Any CPU
		{BE7517FF-44C6-4095-8FBA-61767125112E}.Debug|Any CPU.ActiveCfg = Debug|Any CPU
		{BE7517FF-44C6-4095-8FBA-61767125112E}.Debug|Any CPU.Build.0 = Debug|Any CPU
		{BE7517FF-44C6-4095-8FBA-61767125112E}.Release|Any CPU.ActiveCfg = Release|Any CPU
		{BE7517FF-44C6-4095-8FBA-61767125112E}.Release|Any CPU.Build.0 = Release|Any CPU
		{BEC8E3DA-F272-4B43-8DA1-4F6A1C8A43B0}.Debug|Any CPU.ActiveCfg = Debug|Any CPU
		{BEC8E3DA-F272-4B43-8DA1-4F6A1C8A43B0}.Debug|Any CPU.Build.0 = Debug|Any CPU
		{BEC8E3DA-F272-4B43-8DA1-4F6A1C8A43B0}.Release|Any CPU.ActiveCfg = Release|Any CPU
		{BEC8E3DA-F272-4B43-8DA1-4F6A1C8A43B0}.Release|Any CPU.Build.0 = Release|Any CPU
		{7C4DF07F-47EB-40E2-B6A1-71D8C3D8E958}.Debug|Any CPU.ActiveCfg = Debug|Any CPU
		{7C4DF07F-47EB-40E2-B6A1-71D8C3D8E958}.Debug|Any CPU.Build.0 = Debug|Any CPU
		{7C4DF07F-47EB-40E2-B6A1-71D8C3D8E958}.Release|Any CPU.ActiveCfg = Release|Any CPU
		{7C4DF07F-47EB-40E2-B6A1-71D8C3D8E958}.Release|Any CPU.Build.0 = Release|Any CPU
		{613829CA-4FF4-48CC-9C6C-CE8A8FD819AA}.Debug|Any CPU.ActiveCfg = Debug|Any CPU
		{613829CA-4FF4-48CC-9C6C-CE8A8FD819AA}.Debug|Any CPU.Build.0 = Debug|Any CPU
		{613829CA-4FF4-48CC-9C6C-CE8A8FD819AA}.Release|Any CPU.ActiveCfg = Release|Any CPU
		{613829CA-4FF4-48CC-9C6C-CE8A8FD819AA}.Release|Any CPU.Build.0 = Release|Any CPU
		{6A0893C8-A4D1-4C43-8483-205586523523}.Debug|Any CPU.ActiveCfg = Debug|Any CPU
		{6A0893C8-A4D1-4C43-8483-205586523523}.Debug|Any CPU.Build.0 = Debug|Any CPU
		{6A0893C8-A4D1-4C43-8483-205586523523}.Release|Any CPU.ActiveCfg = Release|Any CPU
		{6A0893C8-A4D1-4C43-8483-205586523523}.Release|Any CPU.Build.0 = Release|Any CPU
		{F6693C6B-DC43-485E-957D-E9678B006102}.Debug|Any CPU.ActiveCfg = Debug|Any CPU
		{F6693C6B-DC43-485E-957D-E9678B006102}.Debug|Any CPU.Build.0 = Debug|Any CPU
		{F6693C6B-DC43-485E-957D-E9678B006102}.Release|Any CPU.ActiveCfg = Release|Any CPU
		{F6693C6B-DC43-485E-957D-E9678B006102}.Release|Any CPU.Build.0 = Release|Any CPU
		{09DA523A-E338-4080-8F8B-431D11102745}.Debug|Any CPU.ActiveCfg = Debug|Any CPU
		{09DA523A-E338-4080-8F8B-431D11102745}.Debug|Any CPU.Build.0 = Debug|Any CPU
		{09DA523A-E338-4080-8F8B-431D11102745}.Release|Any CPU.ActiveCfg = Release|Any CPU
		{09DA523A-E338-4080-8F8B-431D11102745}.Release|Any CPU.Build.0 = Release|Any CPU
		{56898863-C928-4399-B6FF-9FE73BF14777}.Debug|Any CPU.ActiveCfg = Debug|Any CPU
		{56898863-C928-4399-B6FF-9FE73BF14777}.Debug|Any CPU.Build.0 = Debug|Any CPU
		{56898863-C928-4399-B6FF-9FE73BF14777}.Release|Any CPU.ActiveCfg = Release|Any CPU
		{56898863-C928-4399-B6FF-9FE73BF14777}.Release|Any CPU.Build.0 = Release|Any CPU
		{3A1AA2D8-B7EE-4BDF-A0EC-9DA0F311DECB}.Debug|Any CPU.ActiveCfg = Debug|Any CPU
		{3A1AA2D8-B7EE-4BDF-A0EC-9DA0F311DECB}.Debug|Any CPU.Build.0 = Debug|Any CPU
		{3A1AA2D8-B7EE-4BDF-A0EC-9DA0F311DECB}.Release|Any CPU.ActiveCfg = Release|Any CPU
		{3A1AA2D8-B7EE-4BDF-A0EC-9DA0F311DECB}.Release|Any CPU.Build.0 = Release|Any CPU
		{F7B6B35E-2739-4513-9BF0-B62ED3E5023A}.Debug|Any CPU.ActiveCfg = Debug|Any CPU
		{F7B6B35E-2739-4513-9BF0-B62ED3E5023A}.Debug|Any CPU.Build.0 = Debug|Any CPU
		{F7B6B35E-2739-4513-9BF0-B62ED3E5023A}.Release|Any CPU.ActiveCfg = Release|Any CPU
		{F7B6B35E-2739-4513-9BF0-B62ED3E5023A}.Release|Any CPU.Build.0 = Release|Any CPU
	EndGlobalSection
	GlobalSection(SolutionProperties) = preSolution
		HideSolutionNode = FALSE
	EndGlobalSection
EndGlobal
